
Microsoft Visual Studio Solution File, Format Version 12.00
# Visual Studio Version 17
VisualStudioVersion = 17.3.32819.101
MinimumVisualStudioVersion = 10.0.40219.1
Project("{00D1A9C2-B5F0-4AF3-8072-F6C62B433612}") = "Database", "Database\Database.sqlproj", "{C2754E3F-C135-4002-B288-D5065B240778}"
EndProject
Project("{2150E333-8FDC-42A3-9474-1A3956D46DE8}") = "Solution Items", "Solution Items", "{F9DE3CB8-36C9-406C-9264-AE2DFACA638A}"
	ProjectSection(SolutionItems) = preProject
		.gitattributes = .gitattributes
		.gitignore = .gitignore
		README.md = README.md
	EndProjectSection
EndProject
Project("{FAE04EC0-301F-11D3-BF4B-00C04F79EFBC}") = "DataLayer", "DataLayer\DataLayer.csproj", "{B923AD3D-F0CA-48FB-91EC-46C04794288E}"
EndProject
Global
	GlobalSection(SolutionConfigurationPlatforms) = preSolution
		Debug|Any CPU = Debug|Any CPU
		Release|Any CPU = Release|Any CPU
	EndGlobalSection
	GlobalSection(ProjectConfigurationPlatforms) = postSolution
		{C2754E3F-C135-4002-B288-D5065B240778}.Debug|Any CPU.ActiveCfg = Debug|Any CPU
		{C2754E3F-C135-4002-B288-D5065B240778}.Debug|Any CPU.Build.0 = Debug|Any CPU
		{C2754E3F-C135-4002-B288-D5065B240778}.Debug|Any CPU.Deploy.0 = Debug|Any CPU
		{C2754E3F-C135-4002-B288-D5065B240778}.Release|Any CPU.ActiveCfg = Release|Any CPU
		{C2754E3F-C135-4002-B288-D5065B240778}.Release|Any CPU.Build.0 = Release|Any CPU
		{C2754E3F-C135-4002-B288-D5065B240778}.Release|Any CPU.Deploy.0 = Release|Any CPU
		{B923AD3D-F0CA-48FB-91EC-46C04794288E}.Debug|Any CPU.ActiveCfg = Debug|Any CPU
		{B923AD3D-F0CA-48FB-91EC-46C04794288E}.Debug|Any CPU.Build.0 = Debug|Any CPU
		{B923AD3D-F0CA-48FB-91EC-46C04794288E}.Release|Any CPU.ActiveCfg = Release|Any CPU
		{B923AD3D-F0CA-48FB-91EC-46C04794288E}.Release|Any CPU.Build.0 = Release|Any CPU
	EndGlobalSection
	GlobalSection(SolutionProperties) = preSolution
		HideSolutionNode = FALSE
	EndGlobalSection
	GlobalSection(ExtensibilityGlobals) = postSolution
		SolutionGuid = {4EDE8C2B-EB6C-4808-AF1E-B3834328EADA}
	EndGlobalSection
EndGlobal
